// !$*UTF8*$!
{
	archiveVersion = 1;
	classes = {
	};
	objectVersion = 46;
	objects = {

/* Begin PBXBuildFile section */
		E111A45624479625003DD99C /* MIDIUtils.app in CopyFiles */ = {isa = PBXBuildFile; fileRef = E1CB5069225AB8AF00F0DDED /* MIDIUtils.app */; };
		E15293DB22CEB298006AB313 /* indicator.swift in Sources */ = {isa = PBXBuildFile; fileRef = E15293DA22CEB298006AB313 /* indicator.swift */; };
		E179DF8422ECFDFC003B108C /* TableSelectEvent.swift in Sources */ = {isa = PBXBuildFile; fileRef = E179DF8322ECFDFC003B108C /* TableSelectEvent.swift */; };
		E196F8DA244129EF00C8C7DD /* MIDITimeStandard.swift in Sources */ = {isa = PBXBuildFile; fileRef = E192C596226D1C3A00E48557 /* MIDITimeStandard.swift */; };
		E196F8DB244129F500C8C7DD /* MIDISystem.swift in Sources */ = {isa = PBXBuildFile; fileRef = E192C597226D1C3A00E48557 /* MIDISystem.swift */; };
		E196F8DC244129F700C8C7DD /* MIDIIdentifiers.swift in Sources */ = {isa = PBXBuildFile; fileRef = E192C598226D1C3A00E48557 /* MIDIIdentifiers.swift */; };
		E196F8DD244129FB00C8C7DD /* MIDIError.swift in Sources */ = {isa = PBXBuildFile; fileRef = E192C599226D1C3A00E48557 /* MIDIError.swift */; };
		E196F8DE24412A0400C8C7DD /* MIDISession.swift in Sources */ = {isa = PBXBuildFile; fileRef = E192C592226D1C3A00E48557 /* MIDISession.swift */; };
		E196F8DF24412A0700C8C7DD /* MIDIConnections.swift in Sources */ = {isa = PBXBuildFile; fileRef = E192C593226D1C3A00E48557 /* MIDIConnections.swift */; };
		E196F8E024412A0900C8C7DD /* MIDIPorts.swift in Sources */ = {isa = PBXBuildFile; fileRef = E192C594226D1C3A00E48557 /* MIDIPorts.swift */; };
		E196F8E124412A0F00C8C7DD /* MIDIentities.swift in Sources */ = {isa = PBXBuildFile; fileRef = E192C59B226D1C3A00E48557 /* MIDIentities.swift */; };
		E196F8E224412A1100C8C7DD /* MIDIDecoder.swift in Sources */ = {isa = PBXBuildFile; fileRef = E192C59D226D1C3A00E48557 /* MIDIDecoder.swift */; };
		E196F8E324412A1500C8C7DD /* MIDIPacketLists.swift in Sources */ = {isa = PBXBuildFile; fileRef = E192C59E226D1C3A00E48557 /* MIDIPacketLists.swift */; };
		E196F8E424412A1800C8C7DD /* MIDIMessage.swift in Sources */ = {isa = PBXBuildFile; fileRef = E192C59F226D1C3A00E48557 /* MIDIMessage.swift */; };
		E196F8E624412A1E00C8C7DD /* MIDIMessageParser.swift in Sources */ = {isa = PBXBuildFile; fileRef = E1A1A0A5231C417E00EF3939 /* MIDIMessageParser.swift */; };
		E196F8E724412A2100C8C7DD /* MIDICommands.swift in Sources */ = {isa = PBXBuildFile; fileRef = E192C58D226D1C3A00E48557 /* MIDICommands.swift */; };
		E196F8E824412A2400C8C7DD /* MIDIControlMessages.swift in Sources */ = {isa = PBXBuildFile; fileRef = E192C58E226D1C3A00E48557 /* MIDIControlMessages.swift */; };
		E196F8E924412A2600C8C7DD /* MIDISystemMessages.swift in Sources */ = {isa = PBXBuildFile; fileRef = E192C58F226D1C3A00E48557 /* MIDISystemMessages.swift */; };
		E196F8EA24412A2900C8C7DD /* MIDIMessageBase.swift in Sources */ = {isa = PBXBuildFile; fileRef = E192C590226D1C3A00E48557 /* MIDIMessageBase.swift */; };
		E196F8EB24412A2C00C8C7DD /* MIDISysExMessages.swift in Sources */ = {isa = PBXBuildFile; fileRef = E137053E228B9B530093D065 /* MIDISysExMessages.swift */; };
		E196F8EC24412A5700C8C7DD /* CoreMIDI.framework in Frameworks */ = {isa = PBXBuildFile; fileRef = E1CB5063225AB85A00F0DDED /* CoreMIDI.framework */; };
		E196F8ED24412ABA00C8C7DD /* Atomic.swift in Sources */ = {isa = PBXBuildFile; fileRef = E192C5A8226D1C3A00E48557 /* Atomic.swift */; };
		E196F8EE24412ABC00C8C7DD /* Extensions.swift in Sources */ = {isa = PBXBuildFile; fileRef = E192C5A7226D1C3A00E48557 /* Extensions.swift */; };
		E196F8EF24412ABF00C8C7DD /* Collections.swift in Sources */ = {isa = PBXBuildFile; fileRef = E19E7FC3230F2FF800FF7F16 /* Collections.swift */; };
		E196F8F024412AC200C8C7DD /* Enumerations.swift in Sources */ = {isa = PBXBuildFile; fileRef = E19E7FC5230F306900FF7F16 /* Enumerations.swift */; };
		E196F8F224412B9C00C8C7DD /* MIDINote.swift in Sources */ = {isa = PBXBuildFile; fileRef = E1EF2404230A0F2A008AF38D /* MIDINote.swift */; };
		E196F8F324412B9F00C8C7DD /* MIDIBend.swift in Sources */ = {isa = PBXBuildFile; fileRef = E1A1A0A0231C3FC300EF3939 /* MIDIBend.swift */; };
		E196F8F424412BA200C8C7DD /* MIDIControl.swift in Sources */ = {isa = PBXBuildFile; fileRef = E1BB33B1231C821A0036B0F1 /* MIDIControl.swift */; };
		E196F8F6244249DE00C8C7DD /* MIDISysEx.swift in Sources */ = {isa = PBXBuildFile; fileRef = E196F8F5244249DE00C8C7DD /* MIDISysEx.swift */; };
		E198683622D53F8600EB60C6 /* midi.png in Resources */ = {isa = PBXBuildFile; fileRef = E198683522D53F8600EB60C6 /* midi.png */; };
		E198683822D53FFF00EB60C6 /* DIN-5_Diagram.svg.png in Resources */ = {isa = PBXBuildFile; fileRef = E198683722D53FFF00EB60C6 /* DIN-5_Diagram.svg.png */; };
		E198683A22D5414C00EB60C6 /* midi64.png in Resources */ = {isa = PBXBuildFile; fileRef = E198683922D5414C00EB60C6 /* midi64.png */; };
		E19E7FCB230F5AF500FF7F16 /* midi32.png in Resources */ = {isa = PBXBuildFile; fileRef = E19E7FC9230F5AF500FF7F16 /* midi32.png */; };
		E19E7FCC230F5AF500FF7F16 /* midi16.png in Resources */ = {isa = PBXBuildFile; fileRef = E19E7FCA230F5AF500FF7F16 /* midi16.png */; };
		E19E7FD0230F5B6A00FF7F16 /* midi128.png in Resources */ = {isa = PBXBuildFile; fileRef = E19E7FCD230F5B6A00FF7F16 /* midi128.png */; };
		E19E7FD1230F5B6A00FF7F16 /* midi256.png in Resources */ = {isa = PBXBuildFile; fileRef = E19E7FCE230F5B6A00FF7F16 /* midi256.png */; };
		E19E7FD2230F5B6A00FF7F16 /* midi512.png in Resources */ = {isa = PBXBuildFile; fileRef = E19E7FCF230F5B6A00FF7F16 /* midi512.png */; };
		E19E7FD4230F5BA200FF7F16 /* midi1024.png in Resources */ = {isa = PBXBuildFile; fileRef = E19E7FD3230F5BA200FF7F16 /* midi1024.png */; };
		E1CB506C225AB8AF00F0DDED /* AppDelegate.swift in Sources */ = {isa = PBXBuildFile; fileRef = E1CB506B225AB8AF00F0DDED /* AppDelegate.swift */; };
		E1CB506E225AB8B000F0DDED /* Assets.xcassets in Resources */ = {isa = PBXBuildFile; fileRef = E1CB506D225AB8B000F0DDED /* Assets.xcassets */; };
		E1CB5071225AB8B000F0DDED /* MainMenu.xib in Resources */ = {isa = PBXBuildFile; fileRef = E1CB506F225AB8B000F0DDED /* MainMenu.xib */; };
		E1CB507B225ABC0600F0DDED /* MainMenu2.xib in Resources */ = {isa = PBXBuildFile; fileRef = E1CB507D225ABC0600F0DDED /* MainMenu2.xib */; };
		E1CB507F225ABC6800F0DDED /* Controller.swift in Sources */ = {isa = PBXBuildFile; fileRef = E1CB507E225ABC6800F0DDED /* Controller.swift */; };
		E1CB5081225ABC9200F0DDED /* EndPointDelegate.swift in Sources */ = {isa = PBXBuildFile; fileRef = E1CB5080225ABC9200F0DDED /* EndPointDelegate.swift */; };
		E1CB5083225ABC9C00F0DDED /* RowCellSet.swift in Sources */ = {isa = PBXBuildFile; fileRef = E1CB5082225ABC9B00F0DDED /* RowCellSet.swift */; };
		E1CB5087225ABCBE00F0DDED /* LinkManager.swift in Sources */ = {isa = PBXBuildFile; fileRef = E1CB5084225ABCBD00F0DDED /* LinkManager.swift */; };
		E1CB50ED225ABD8100F0DDED /* AboutPanel.swift in Sources */ = {isa = PBXBuildFile; fileRef = E1CB50EB225ABD8100F0DDED /* AboutPanel.swift */; };
		E1CB50EE225ABD8100F0DDED /* About.xib in Resources */ = {isa = PBXBuildFile; fileRef = E1CB50EC225ABD8100F0DDED /* About.xib */; };
		E1CB50F0225ABD9B00F0DDED /* Fonts.swift in Sources */ = {isa = PBXBuildFile; fileRef = E1CB50EF225ABD9B00F0DDED /* Fonts.swift */; };
		E1CB50F4225ABDC900F0DDED /* MIDIDecodeTable.swift in Sources */ = {isa = PBXBuildFile; fileRef = E1CB50F1225ABDC800F0DDED /* MIDIDecodeTable.swift */; };
		E1CB50F5225ABDC900F0DDED /* Decoder.xib in Resources */ = {isa = PBXBuildFile; fileRef = E1CB50F2225ABDC800F0DDED /* Decoder.xib */; };
		E1CB50F6225ABDC900F0DDED /* DecoderPanel.swift in Sources */ = {isa = PBXBuildFile; fileRef = E1CB50F3225ABDC800F0DDED /* DecoderPanel.swift */; };
		E1CB50F9225AC0BE00F0DDED /* Strings.swift in Sources */ = {isa = PBXBuildFile; fileRef = E1CB50F7225AC0BE00F0DDED /* Strings.swift */; };
		E1CB5102225AC15A00F0DDED /* VTextField.swift in Sources */ = {isa = PBXBuildFile; fileRef = E1CB5101225AC15A00F0DDED /* VTextField.swift */; };
		E1CB5104225AC15F00F0DDED /* ControlExtensions.swift in Sources */ = {isa = PBXBuildFile; fileRef = E1CB5103225AC15F00F0DDED /* ControlExtensions.swift */; };
		E1CB5107225AC17000F0DDED /* Launchable.swift in Sources */ = {isa = PBXBuildFile; fileRef = E1CB5105225AC17000F0DDED /* Launchable.swift */; };
		E1CB5108225AC17000F0DDED /* VButton.swift in Sources */ = {isa = PBXBuildFile; fileRef = E1CB5106225AC17000F0DDED /* VButton.swift */; };
/* End PBXBuildFile section */

/* Begin PBXCopyFilesBuildPhase section */
		E111A45524479605003DD99C /* CopyFiles */ = {
			isa = PBXCopyFilesBuildPhase;
			buildActionMask = 2147483647;
			dstPath = /Applications/Music/MIDI;
			dstSubfolderSpec = 0;
			files = (
				E111A45624479625003DD99C /* MIDIUtils.app in CopyFiles */,
			);
			runOnlyForDeploymentPostprocessing = 0;
		};
		E1FA32C8225BD35C008FE734 /* Embed Frameworks */ = {
			isa = PBXCopyFilesBuildPhase;
			buildActionMask = 2147483647;
			dstPath = "";
			dstSubfolderSpec = 10;
			files = (
			);
			name = "Embed Frameworks";
			runOnlyForDeploymentPostprocessing = 0;
		};
/* End PBXCopyFilesBuildPhase section */

/* Begin PBXFileReference section */
		E137053E228B9B530093D065 /* MIDISysExMessages.swift */ = {isa = PBXFileReference; lastKnownFileType = sourcecode.swift; path = MIDISysExMessages.swift; sourceTree = "<group>"; };
		E15293DA22CEB298006AB313 /* indicator.swift */ = {isa = PBXFileReference; lastKnownFileType = sourcecode.swift; path = indicator.swift; sourceTree = "<group>"; };
		E179DF8322ECFDFC003B108C /* TableSelectEvent.swift */ = {isa = PBXFileReference; lastKnownFileType = sourcecode.swift; path = TableSelectEvent.swift; sourceTree = "<group>"; };
		E179DF8522EE6F06003B108C /* TODO.md */ = {isa = PBXFileReference; lastKnownFileType = net.daringfireball.markdown; path = TODO.md; sourceTree = "<group>"; };
		E192C58D226D1C3A00E48557 /* MIDICommands.swift */ = {isa = PBXFileReference; fileEncoding = 4; lastKnownFileType = sourcecode.swift; path = MIDICommands.swift; sourceTree = "<group>"; };
		E192C58E226D1C3A00E48557 /* MIDIControlMessages.swift */ = {isa = PBXFileReference; fileEncoding = 4; lastKnownFileType = sourcecode.swift; path = MIDIControlMessages.swift; sourceTree = "<group>"; };
		E192C58F226D1C3A00E48557 /* MIDISystemMessages.swift */ = {isa = PBXFileReference; fileEncoding = 4; lastKnownFileType = sourcecode.swift; path = MIDISystemMessages.swift; sourceTree = "<group>"; };
		E192C590226D1C3A00E48557 /* MIDIMessageBase.swift */ = {isa = PBXFileReference; fileEncoding = 4; lastKnownFileType = sourcecode.swift; path = MIDIMessageBase.swift; sourceTree = "<group>"; };
		E192C592226D1C3A00E48557 /* MIDISession.swift */ = {isa = PBXFileReference; fileEncoding = 4; lastKnownFileType = sourcecode.swift; path = MIDISession.swift; sourceTree = "<group>"; };
		E192C593226D1C3A00E48557 /* MIDIConnections.swift */ = {isa = PBXFileReference; fileEncoding = 4; lastKnownFileType = sourcecode.swift; path = MIDIConnections.swift; sourceTree = "<group>"; };
		E192C594226D1C3A00E48557 /* MIDIPorts.swift */ = {isa = PBXFileReference; fileEncoding = 4; lastKnownFileType = sourcecode.swift; path = MIDIPorts.swift; sourceTree = "<group>"; };
		E192C596226D1C3A00E48557 /* MIDITimeStandard.swift */ = {isa = PBXFileReference; fileEncoding = 4; lastKnownFileType = sourcecode.swift; path = MIDITimeStandard.swift; sourceTree = "<group>"; };
		E192C597226D1C3A00E48557 /* MIDISystem.swift */ = {isa = PBXFileReference; fileEncoding = 4; lastKnownFileType = sourcecode.swift; path = MIDISystem.swift; sourceTree = "<group>"; };
		E192C598226D1C3A00E48557 /* MIDIIdentifiers.swift */ = {isa = PBXFileReference; fileEncoding = 4; lastKnownFileType = sourcecode.swift; path = MIDIIdentifiers.swift; sourceTree = "<group>"; };
		E192C599226D1C3A00E48557 /* MIDIError.swift */ = {isa = PBXFileReference; fileEncoding = 4; lastKnownFileType = sourcecode.swift; path = MIDIError.swift; sourceTree = "<group>"; };
		E192C59B226D1C3A00E48557 /* MIDIentities.swift */ = {isa = PBXFileReference; fileEncoding = 4; lastKnownFileType = sourcecode.swift; path = MIDIentities.swift; sourceTree = "<group>"; };
		E192C59D226D1C3A00E48557 /* MIDIDecoder.swift */ = {isa = PBXFileReference; fileEncoding = 4; lastKnownFileType = sourcecode.swift; path = MIDIDecoder.swift; sourceTree = "<group>"; };
		E192C59E226D1C3A00E48557 /* MIDIPacketLists.swift */ = {isa = PBXFileReference; fileEncoding = 4; lastKnownFileType = sourcecode.swift; path = MIDIPacketLists.swift; sourceTree = "<group>"; };
		E192C59F226D1C3A00E48557 /* MIDIMessage.swift */ = {isa = PBXFileReference; fileEncoding = 4; lastKnownFileType = sourcecode.swift; path = MIDIMessage.swift; sourceTree = "<group>"; };
		E192C5A7226D1C3A00E48557 /* Extensions.swift */ = {isa = PBXFileReference; fileEncoding = 4; lastKnownFileType = sourcecode.swift; path = Extensions.swift; sourceTree = "<group>"; };
		E192C5A8226D1C3A00E48557 /* Atomic.swift */ = {isa = PBXFileReference; fileEncoding = 4; lastKnownFileType = sourcecode.swift; path = Atomic.swift; sourceTree = "<group>"; };
		E196F8F5244249DE00C8C7DD /* MIDISysEx.swift */ = {isa = PBXFileReference; lastKnownFileType = sourcecode.swift; path = MIDISysEx.swift; sourceTree = "<group>"; };
		E198683522D53F8600EB60C6 /* midi.png */ = {isa = PBXFileReference; lastKnownFileType = image.png; path = midi.png; sourceTree = "<group>"; };
		E198683722D53FFF00EB60C6 /* DIN-5_Diagram.svg.png */ = {isa = PBXFileReference; lastKnownFileType = image.png; path = "DIN-5_Diagram.svg.png"; sourceTree = "<group>"; };
		E198683922D5414C00EB60C6 /* midi64.png */ = {isa = PBXFileReference; lastKnownFileType = image.png; path = midi64.png; sourceTree = "<group>"; };
		E19E7FC3230F2FF800FF7F16 /* Collections.swift */ = {isa = PBXFileReference; lastKnownFileType = sourcecode.swift; path = Collections.swift; sourceTree = "<group>"; };
		E19E7FC5230F306900FF7F16 /* Enumerations.swift */ = {isa = PBXFileReference; lastKnownFileType = sourcecode.swift; path = Enumerations.swift; sourceTree = "<group>"; };
		E19E7FC9230F5AF500FF7F16 /* midi32.png */ = {isa = PBXFileReference; lastKnownFileType = image.png; path = midi32.png; sourceTree = "<group>"; };
		E19E7FCA230F5AF500FF7F16 /* midi16.png */ = {isa = PBXFileReference; lastKnownFileType = image.png; path = midi16.png; sourceTree = "<group>"; };
		E19E7FCD230F5B6A00FF7F16 /* midi128.png */ = {isa = PBXFileReference; lastKnownFileType = image.png; path = midi128.png; sourceTree = "<group>"; };
		E19E7FCE230F5B6A00FF7F16 /* midi256.png */ = {isa = PBXFileReference; lastKnownFileType = image.png; path = midi256.png; sourceTree = "<group>"; };
		E19E7FCF230F5B6A00FF7F16 /* midi512.png */ = {isa = PBXFileReference; lastKnownFileType = image.png; path = midi512.png; sourceTree = "<group>"; };
		E19E7FD3230F5BA200FF7F16 /* midi1024.png */ = {isa = PBXFileReference; lastKnownFileType = image.png; path = midi1024.png; sourceTree = "<group>"; };
		E1A1A0A0231C3FC300EF3939 /* MIDIBend.swift */ = {isa = PBXFileReference; lastKnownFileType = sourcecode.swift; path = MIDIBend.swift; sourceTree = "<group>"; };
		E1A1A0A5231C417E00EF3939 /* MIDIMessageParser.swift */ = {isa = PBXFileReference; lastKnownFileType = sourcecode.swift; path = MIDIMessageParser.swift; sourceTree = "<group>"; };
		E1BB33B1231C821A0036B0F1 /* MIDIControl.swift */ = {isa = PBXFileReference; lastKnownFileType = sourcecode.swift; path = MIDIControl.swift; sourceTree = "<group>"; };
		E1CB503F2259197400F0DDED /* MIDITools.h */ = {isa = PBXFileReference; lastKnownFileType = sourcecode.c.h; path = MIDITools.h; sourceTree = "<group>"; };
		E1CB50402259197400F0DDED /* Info.plist */ = {isa = PBXFileReference; lastKnownFileType = text.plist.xml; path = Info.plist; sourceTree = "<group>"; };
		E1CB5060225AA35200F0DDED /* LICENSE */ = {isa = PBXFileReference; lastKnownFileType = text; path = LICENSE; sourceTree = "<group>"; };
		E1CB5063225AB85A00F0DDED /* CoreMIDI.framework */ = {isa = PBXFileReference; lastKnownFileType = wrapper.framework; name = CoreMIDI.framework; path = System/Library/Frameworks/CoreMIDI.framework; sourceTree = SDKROOT; };
		E1CB5069225AB8AF00F0DDED /* MIDIUtils.app */ = {isa = PBXFileReference; explicitFileType = wrapper.application; includeInIndex = 0; path = MIDIUtils.app; sourceTree = BUILT_PRODUCTS_DIR; };
		E1CB506B225AB8AF00F0DDED /* AppDelegate.swift */ = {isa = PBXFileReference; lastKnownFileType = sourcecode.swift; path = AppDelegate.swift; sourceTree = "<group>"; };
		E1CB506D225AB8B000F0DDED /* Assets.xcassets */ = {isa = PBXFileReference; lastKnownFileType = folder.assetcatalog; path = Assets.xcassets; sourceTree = "<group>"; };
		E1CB5070225AB8B000F0DDED /* Base */ = {isa = PBXFileReference; lastKnownFileType = file.xib; name = Base; path = Base.lproj/MainMenu.xib; sourceTree = "<group>"; };
		E1CB5072225AB8B000F0DDED /* Info.plist */ = {isa = PBXFileReference; lastKnownFileType = text.plist.xml; path = Info.plist; sourceTree = "<group>"; };
		E1CB5073225AB8B000F0DDED /* MIDIUtils.entitlements */ = {isa = PBXFileReference; lastKnownFileType = text.plist.entitlements; path = MIDIUtils.entitlements; sourceTree = "<group>"; };
		E1CB507C225ABC0600F0DDED /* Base */ = {isa = PBXFileReference; lastKnownFileType = file.xib; name = Base; path = Base.lproj/MainMenu2.xib; sourceTree = "<group>"; };
		E1CB507E225ABC6800F0DDED /* Controller.swift */ = {isa = PBXFileReference; fileEncoding = 4; lastKnownFileType = sourcecode.swift; path = Controller.swift; sourceTree = "<group>"; };
		E1CB5080225ABC9200F0DDED /* EndPointDelegate.swift */ = {isa = PBXFileReference; fileEncoding = 4; lastKnownFileType = sourcecode.swift; path = EndPointDelegate.swift; sourceTree = "<group>"; };
		E1CB5082225ABC9B00F0DDED /* RowCellSet.swift */ = {isa = PBXFileReference; fileEncoding = 4; lastKnownFileType = sourcecode.swift; path = RowCellSet.swift; sourceTree = "<group>"; };
		E1CB5084225ABCBD00F0DDED /* LinkManager.swift */ = {isa = PBXFileReference; fileEncoding = 4; lastKnownFileType = sourcecode.swift; path = LinkManager.swift; sourceTree = "<group>"; };
		E1CB50EB225ABD8100F0DDED /* AboutPanel.swift */ = {isa = PBXFileReference; fileEncoding = 4; lastKnownFileType = sourcecode.swift; path = AboutPanel.swift; sourceTree = "<group>"; };
		E1CB50EC225ABD8100F0DDED /* About.xib */ = {isa = PBXFileReference; fileEncoding = 4; lastKnownFileType = file.xib; path = About.xib; sourceTree = "<group>"; };
		E1CB50EF225ABD9B00F0DDED /* Fonts.swift */ = {isa = PBXFileReference; fileEncoding = 4; lastKnownFileType = sourcecode.swift; path = Fonts.swift; sourceTree = "<group>"; };
		E1CB50F1225ABDC800F0DDED /* MIDIDecodeTable.swift */ = {isa = PBXFileReference; fileEncoding = 4; lastKnownFileType = sourcecode.swift; path = MIDIDecodeTable.swift; sourceTree = "<group>"; };
		E1CB50F2225ABDC800F0DDED /* Decoder.xib */ = {isa = PBXFileReference; fileEncoding = 4; lastKnownFileType = file.xib; path = Decoder.xib; sourceTree = "<group>"; };
		E1CB50F3225ABDC800F0DDED /* DecoderPanel.swift */ = {isa = PBXFileReference; fileEncoding = 4; lastKnownFileType = sourcecode.swift; path = DecoderPanel.swift; sourceTree = "<group>"; };
		E1CB50F7225AC0BE00F0DDED /* Strings.swift */ = {isa = PBXFileReference; fileEncoding = 4; lastKnownFileType = sourcecode.swift; path = Strings.swift; sourceTree = "<group>"; };
		E1CB5101225AC15A00F0DDED /* VTextField.swift */ = {isa = PBXFileReference; fileEncoding = 4; lastKnownFileType = sourcecode.swift; path = VTextField.swift; sourceTree = "<group>"; };
		E1CB5103225AC15F00F0DDED /* ControlExtensions.swift */ = {isa = PBXFileReference; fileEncoding = 4; lastKnownFileType = sourcecode.swift; path = ControlExtensions.swift; sourceTree = "<group>"; };
		E1CB5105225AC17000F0DDED /* Launchable.swift */ = {isa = PBXFileReference; fileEncoding = 4; lastKnownFileType = sourcecode.swift; path = Launchable.swift; sourceTree = "<group>"; };
		E1CB5106225AC17000F0DDED /* VButton.swift */ = {isa = PBXFileReference; fileEncoding = 4; lastKnownFileType = sourcecode.swift; path = VButton.swift; sourceTree = "<group>"; };
		E1DA4AD01CD960F500FAE94E /* MIDILink.profdata */ = {isa = PBXFileReference; lastKnownFileType = file; path = MIDILink.profdata; sourceTree = "<group>"; };
		E1EF2404230A0F2A008AF38D /* MIDINote.swift */ = {isa = PBXFileReference; lastKnownFileType = sourcecode.swift; path = MIDINote.swift; sourceTree = "<group>"; };
/* End PBXFileReference section */

/* Begin PBXFrameworksBuildPhase section */
		E1CB5066225AB8AF00F0DDED /* Frameworks */ = {
			isa = PBXFrameworksBuildPhase;
			buildActionMask = 2147483647;
			files = (
				E196F8EC24412A5700C8C7DD /* CoreMIDI.framework in Frameworks */,
			);
			runOnlyForDeploymentPostprocessing = 0;
		};
/* End PBXFrameworksBuildPhase section */

/* Begin PBXGroup section */
		E18154DF1D91A90B00A50C91 /* Frameworks */ = {
			isa = PBXGroup;
			children = (
				E1CB5063225AB85A00F0DDED /* CoreMIDI.framework */,
			);
			name = Frameworks;
			sourceTree = "<group>";
		};
		E192C58B226D1C3A00E48557 /* MIDI Specification */ = {
			isa = PBXGroup;
			children = (
				E192C58E226D1C3A00E48557 /* MIDIControlMessages.swift */,
				E192C58D226D1C3A00E48557 /* MIDICommands.swift */,
				E192C58F226D1C3A00E48557 /* MIDISystemMessages.swift */,
				E137053E228B9B530093D065 /* MIDISysExMessages.swift */,
			);
			path = "MIDI Specification";
			sourceTree = "<group>";
		};
		E192C591226D1C3A00E48557 /* Connections */ = {
			isa = PBXGroup;
			children = (
				E192C592226D1C3A00E48557 /* MIDISession.swift */,
				E192C593226D1C3A00E48557 /* MIDIConnections.swift */,
				E192C594226D1C3A00E48557 /* MIDIPorts.swift */,
			);
			path = Connections;
			sourceTree = "<group>";
		};
		E192C595226D1C3A00E48557 /* System */ = {
			isa = PBXGroup;
			children = (
				E192C59E226D1C3A00E48557 /* MIDIPacketLists.swift */,
				E192C596226D1C3A00E48557 /* MIDITimeStandard.swift */,
				E192C597226D1C3A00E48557 /* MIDISystem.swift */,
				E192C598226D1C3A00E48557 /* MIDIIdentifiers.swift */,
				E192C599226D1C3A00E48557 /* MIDIError.swift */,
			);
			path = System;
			sourceTree = "<group>";
		};
		E192C59A226D1C3A00E48557 /* Endpoints */ = {
			isa = PBXGroup;
			children = (
				E192C59B226D1C3A00E48557 /* MIDIentities.swift */,
			);
			path = Endpoints;
			sourceTree = "<group>";
		};
		E192C59C226D1C3A00E48557 /* Messages */ = {
			isa = PBXGroup;
			children = (
				E192C59D226D1C3A00E48557 /* MIDIDecoder.swift */,
				E192C59F226D1C3A00E48557 /* MIDIMessage.swift */,
				E192C590226D1C3A00E48557 /* MIDIMessageBase.swift */,
				E1A1A0A5231C417E00EF3939 /* MIDIMessageParser.swift */,
			);
			path = Messages;
			sourceTree = "<group>";
		};
		E192C5A5226D1C3A00E48557 /* Utilities */ = {
			isa = PBXGroup;
			children = (
				E192C5A7226D1C3A00E48557 /* Extensions.swift */,
				E192C5A8226D1C3A00E48557 /* Atomic.swift */,
				E19E7FC3230F2FF800FF7F16 /* Collections.swift */,
				E19E7FC5230F306900FF7F16 /* Enumerations.swift */,
			);
			path = Utilities;
			sourceTree = "<group>";
		};
		E198683422D53F6700EB60C6 /* images */ = {
			isa = PBXGroup;
			children = (
				E19E7FD3230F5BA200FF7F16 /* midi1024.png */,
				E19E7FCD230F5B6A00FF7F16 /* midi128.png */,
				E19E7FCE230F5B6A00FF7F16 /* midi256.png */,
				E19E7FCF230F5B6A00FF7F16 /* midi512.png */,
				E19E7FCA230F5AF500FF7F16 /* midi16.png */,
				E19E7FC9230F5AF500FF7F16 /* midi32.png */,
				E198683922D5414C00EB60C6 /* midi64.png */,
				E198683722D53FFF00EB60C6 /* DIN-5_Diagram.svg.png */,
				E198683522D53F8600EB60C6 /* midi.png */,
			);
			path = images;
			sourceTree = "<group>";
		};
		E1A1A0A4231C40CA00EF3939 /* Types */ = {
			isa = PBXGroup;
			children = (
				E1EF2404230A0F2A008AF38D /* MIDINote.swift */,
				E1A1A0A0231C3FC300EF3939 /* MIDIBend.swift */,
				E1BB33B1231C821A0036B0F1 /* MIDIControl.swift */,
				E196F8F5244249DE00C8C7DD /* MIDISysEx.swift */,
			);
			path = Types;
			sourceTree = "<group>";
		};
		E1CB503E2259197400F0DDED /* MIDITools */ = {
			isa = PBXGroup;
			children = (
				E1A1A0A4231C40CA00EF3939 /* Types */,
				E192C591226D1C3A00E48557 /* Connections */,
				E192C59A226D1C3A00E48557 /* Endpoints */,
				E192C59C226D1C3A00E48557 /* Messages */,
				E192C58B226D1C3A00E48557 /* MIDI Specification */,
				E192C595226D1C3A00E48557 /* System */,
				E192C5A5226D1C3A00E48557 /* Utilities */,
				E1CB503F2259197400F0DDED /* MIDITools.h */,
				E1CB50402259197400F0DDED /* Info.plist */,
				E1CB5060225AA35200F0DDED /* LICENSE */,
			);
			path = MIDITools;
			sourceTree = "<group>";
		};
		E1CB506A225AB8AF00F0DDED /* MIDIUtils */ = {
			isa = PBXGroup;
			children = (
				E198683422D53F6700EB60C6 /* images */,
				E1CB506B225AB8AF00F0DDED /* AppDelegate.swift */,
				E1CB510A225AC34B00F0DDED /* utils */,
				E1CB510B225AC35800F0DDED /* decoder */,
				E1CB510C225AC36700F0DDED /* link */,
				E1CB510D225AC37B00F0DDED /* main */,
				E1CB510E225AC39800F0DDED /* about */,
				E1CB506D225AB8B000F0DDED /* Assets.xcassets */,
				E1CB506F225AB8B000F0DDED /* MainMenu.xib */,
				E1CB5072225AB8B000F0DDED /* Info.plist */,
				E1CB5073225AB8B000F0DDED /* MIDIUtils.entitlements */,
			);
			path = MIDIUtils;
			sourceTree = "<group>";
		};
		E1CB510A225AC34B00F0DDED /* utils */ = {
			isa = PBXGroup;
			children = (
				E1CB5105225AC17000F0DDED /* Launchable.swift */,
				E1CB5106225AC17000F0DDED /* VButton.swift */,
				E1CB5103225AC15F00F0DDED /* ControlExtensions.swift */,
				E1CB50EF225ABD9B00F0DDED /* Fonts.swift */,
				E1CB5101225AC15A00F0DDED /* VTextField.swift */,
				E1CB50F7225AC0BE00F0DDED /* Strings.swift */,
				E15293DA22CEB298006AB313 /* indicator.swift */,
			);
			path = utils;
			sourceTree = "<group>";
		};
		E1CB510B225AC35800F0DDED /* decoder */ = {
			isa = PBXGroup;
			children = (
				E1CB50F2225ABDC800F0DDED /* Decoder.xib */,
				E1CB50F3225ABDC800F0DDED /* DecoderPanel.swift */,
				E1CB50F1225ABDC800F0DDED /* MIDIDecodeTable.swift */,
			);
			path = decoder;
			sourceTree = "<group>";
		};
		E1CB510C225AC36700F0DDED /* link */ = {
			isa = PBXGroup;
			children = (
				E1CB5084225ABCBD00F0DDED /* LinkManager.swift */,
			);
			path = link;
			sourceTree = "<group>";
		};
		E1CB510D225AC37B00F0DDED /* main */ = {
			isa = PBXGroup;
			children = (
				E1CB5082225ABC9B00F0DDED /* RowCellSet.swift */,
				E1CB5080225ABC9200F0DDED /* EndPointDelegate.swift */,
				E1CB507E225ABC6800F0DDED /* Controller.swift */,
				E1CB507D225ABC0600F0DDED /* MainMenu2.xib */,
				E179DF8322ECFDFC003B108C /* TableSelectEvent.swift */,
			);
			path = main;
			sourceTree = "<group>";
		};
		E1CB510E225AC39800F0DDED /* about */ = {
			isa = PBXGroup;
			children = (
				E1CB50EC225ABD8100F0DDED /* About.xib */,
				E1CB50EB225ABD8100F0DDED /* AboutPanel.swift */,
			);
			path = about;
			sourceTree = "<group>";
		};
		E1DA4A4A1CCFA51A00FAE94E = {
			isa = PBXGroup;
			children = (
				E179DF8522EE6F06003B108C /* TODO.md */,
				E1CB503E2259197400F0DDED /* MIDITools */,
				E1CB506A225AB8AF00F0DDED /* MIDIUtils */,
				E1DA4A541CCFA51A00FAE94E /* Products */,
				E1DA4ACF1CD960F500FAE94E /* OptimizationProfiles */,
				E18154DF1D91A90B00A50C91 /* Frameworks */,
			);
			sourceTree = "<group>";
		};
		E1DA4A541CCFA51A00FAE94E /* Products */ = {
			isa = PBXGroup;
			children = (
				E1CB5069225AB8AF00F0DDED /* MIDIUtils.app */,
			);
			name = Products;
			sourceTree = "<group>";
		};
		E1DA4ACF1CD960F500FAE94E /* OptimizationProfiles */ = {
			isa = PBXGroup;
			children = (
				E1DA4AD01CD960F500FAE94E /* MIDILink.profdata */,
			);
			path = OptimizationProfiles;
			sourceTree = "<group>";
		};
/* End PBXGroup section */

/* Begin PBXNativeTarget section */
		E1CB5068225AB8AF00F0DDED /* MIDIUtils */ = {
			isa = PBXNativeTarget;
			buildConfigurationList = E1CB5074225AB8B000F0DDED /* Build configuration list for PBXNativeTarget "MIDIUtils" */;
			buildPhases = (
				E1CB5065225AB8AF00F0DDED /* Sources */,
				E1CB5066225AB8AF00F0DDED /* Frameworks */,
				E1CB5067225AB8AF00F0DDED /* Resources */,
				E1FA32C8225BD35C008FE734 /* Embed Frameworks */,
				E111A45524479605003DD99C /* CopyFiles */,
			);
			buildRules = (
			);
			dependencies = (
			);
			name = MIDIUtils;
			productName = MIDIUtils;
			productReference = E1CB5069225AB8AF00F0DDED /* MIDIUtils.app */;
			productType = "com.apple.product-type.application";
		};
/* End PBXNativeTarget section */

/* Begin PBXProject section */
		E1DA4A4B1CCFA51A00FAE94E /* Project object */ = {
			isa = PBXProject;
			attributes = {
				LastSwiftUpdateCheck = 1020;
				LastUpgradeCheck = 1100;
				ORGANIZATIONNAME = "JP Embedded Solutions";
				TargetAttributes = {
					E1CB5068225AB8AF00F0DDED = {
						CreatedOnToolsVersion = 10.2;
						DevelopmentTeam = XLKATCU397;
						ProvisioningStyle = Automatic;
						SystemCapabilities = {
							com.apple.Sandbox = {
								enabled = 1;
							};
							com.apple.iCloud = {
								enabled = 1;
							};
						};
					};
				};
			};
			buildConfigurationList = E1DA4A4E1CCFA51A00FAE94E /* Build configuration list for PBXProject "MIDILink" */;
			compatibilityVersion = "Xcode 3.2";
			developmentRegion = en;
			hasScannedForEncodings = 0;
			knownRegions = (
				en,
				Base,
			);
			mainGroup = E1DA4A4A1CCFA51A00FAE94E;
			productRefGroup = E1DA4A541CCFA51A00FAE94E /* Products */;
			projectDirPath = "";
			projectRoot = "";
			targets = (
				E1CB5068225AB8AF00F0DDED /* MIDIUtils */,
			);
		};
/* End PBXProject section */

/* Begin PBXResourcesBuildPhase section */
		E1CB5067225AB8AF00F0DDED /* Resources */ = {
			isa = PBXResourcesBuildPhase;
			buildActionMask = 2147483647;
			files = (
				E1CB50F5225ABDC900F0DDED /* Decoder.xib in Resources */,
				E19E7FCC230F5AF500FF7F16 /* midi16.png in Resources */,
				E19E7FD1230F5B6A00FF7F16 /* midi256.png in Resources */,
				E198683822D53FFF00EB60C6 /* DIN-5_Diagram.svg.png in Resources */,
				E19E7FD0230F5B6A00FF7F16 /* midi128.png in Resources */,
				E19E7FD2230F5B6A00FF7F16 /* midi512.png in Resources */,
				E198683A22D5414C00EB60C6 /* midi64.png in Resources */,
				E19E7FD4230F5BA200FF7F16 /* midi1024.png in Resources */,
				E19E7FCB230F5AF500FF7F16 /* midi32.png in Resources */,
				E1CB506E225AB8B000F0DDED /* Assets.xcassets in Resources */,
				E198683622D53F8600EB60C6 /* midi.png in Resources */,
				E1CB5071225AB8B000F0DDED /* MainMenu.xib in Resources */,
				E1CB507B225ABC0600F0DDED /* MainMenu2.xib in Resources */,
				E1CB50EE225ABD8100F0DDED /* About.xib in Resources */,
			);
			runOnlyForDeploymentPostprocessing = 0;
		};
/* End PBXResourcesBuildPhase section */

/* Begin PBXSourcesBuildPhase section */
		E1CB5065225AB8AF00F0DDED /* Sources */ = {
			isa = PBXSourcesBuildPhase;
			buildActionMask = 2147483647;
			files = (
				E1CB506C225AB8AF00F0DDED /* AppDelegate.swift in Sources */,
				E196F8F6244249DE00C8C7DD /* MIDISysEx.swift in Sources */,
				E196F8DC244129F700C8C7DD /* MIDIIdentifiers.swift in Sources */,
				E1CB50F9225AC0BE00F0DDED /* Strings.swift in Sources */,
				E1CB50F0225ABD9B00F0DDED /* Fonts.swift in Sources */,
				E196F8ED24412ABA00C8C7DD /* Atomic.swift in Sources */,
				E179DF8422ECFDFC003B108C /* TableSelectEvent.swift in Sources */,
				E196F8E724412A2100C8C7DD /* MIDICommands.swift in Sources */,
				E196F8E124412A0F00C8C7DD /* MIDIentities.swift in Sources */,
				E196F8EA24412A2900C8C7DD /* MIDIMessageBase.swift in Sources */,
				E1CB50F4225ABDC900F0DDED /* MIDIDecodeTable.swift in Sources */,
				E196F8F424412BA200C8C7DD /* MIDIControl.swift in Sources */,
				E196F8DE24412A0400C8C7DD /* MIDISession.swift in Sources */,
				E196F8DF24412A0700C8C7DD /* MIDIConnections.swift in Sources */,
				E1CB50F6225ABDC900F0DDED /* DecoderPanel.swift in Sources */,
				E1CB5081225ABC9200F0DDED /* EndPointDelegate.swift in Sources */,
				E196F8E324412A1500C8C7DD /* MIDIPacketLists.swift in Sources */,
				E196F8E924412A2600C8C7DD /* MIDISystemMessages.swift in Sources */,
				E1CB50ED225ABD8100F0DDED /* AboutPanel.swift in Sources */,
				E1CB507F225ABC6800F0DDED /* Controller.swift in Sources */,
				E196F8F224412B9C00C8C7DD /* MIDINote.swift in Sources */,
				E1CB5083225ABC9C00F0DDED /* RowCellSet.swift in Sources */,
				E196F8EB24412A2C00C8C7DD /* MIDISysExMessages.swift in Sources */,
				E196F8F324412B9F00C8C7DD /* MIDIBend.swift in Sources */,
				E1CB5087225ABCBE00F0DDED /* LinkManager.swift in Sources */,
				E196F8EF24412ABF00C8C7DD /* Collections.swift in Sources */,
				E196F8DD244129FB00C8C7DD /* MIDIError.swift in Sources */,
				E196F8E224412A1100C8C7DD /* MIDIDecoder.swift in Sources */,
				E1CB5108225AC17000F0DDED /* VButton.swift in Sources */,
				E1CB5104225AC15F00F0DDED /* ControlExtensions.swift in Sources */,
				E196F8E624412A1E00C8C7DD /* MIDIMessageParser.swift in Sources */,
				E1CB5107225AC17000F0DDED /* Launchable.swift in Sources */,
				E196F8DB244129F500C8C7DD /* MIDISystem.swift in Sources */,
				E1CB5102225AC15A00F0DDED /* VTextField.swift in Sources */,
				E15293DB22CEB298006AB313 /* indicator.swift in Sources */,
				E196F8F024412AC200C8C7DD /* Enumerations.swift in Sources */,
				E196F8E424412A1800C8C7DD /* MIDIMessage.swift in Sources */,
				E196F8EE24412ABC00C8C7DD /* Extensions.swift in Sources */,
				E196F8DA244129EF00C8C7DD /* MIDITimeStandard.swift in Sources */,
				E196F8E824412A2400C8C7DD /* MIDIControlMessages.swift in Sources */,
				E196F8E024412A0900C8C7DD /* MIDIPorts.swift in Sources */,
			);
			runOnlyForDeploymentPostprocessing = 0;
		};
/* End PBXSourcesBuildPhase section */

/* Begin PBXVariantGroup section */
		E1CB506F225AB8B000F0DDED /* MainMenu.xib */ = {
			isa = PBXVariantGroup;
			children = (
				E1CB5070225AB8B000F0DDED /* Base */,
			);
			name = MainMenu.xib;
			sourceTree = "<group>";
		};
		E1CB507D225ABC0600F0DDED /* MainMenu2.xib */ = {
			isa = PBXVariantGroup;
			children = (
				E1CB507C225ABC0600F0DDED /* Base */,
			);
			name = MainMenu2.xib;
			sourceTree = "<group>";
		};
/* End PBXVariantGroup section */

/* Begin XCBuildConfiguration section */
		E1CB5075225AB8B000F0DDED /* Debug */ = {
			isa = XCBuildConfiguration;
			buildSettings = {
				ALWAYS_EMBED_SWIFT_STANDARD_LIBRARIES = YES;
				ASSETCATALOG_COMPILER_APPICON_NAME = AppIcon;
				CLANG_ANALYZER_NUMBER_OBJECT_CONVERSION = YES_AGGRESSIVE;
				CLANG_CXX_LANGUAGE_STANDARD = "gnu++14";
				CLANG_ENABLE_OBJC_WEAK = YES;
				CLANG_WARN_DOCUMENTATION_COMMENTS = YES;
				CLANG_WARN_UNGUARDED_AVAILABILITY = YES_AGGRESSIVE;
				CODE_SIGN_ENTITLEMENTS = MIDIUtils/MIDIUtils.entitlements;
				CODE_SIGN_IDENTITY = "Mac Developer";
				CODE_SIGN_STYLE = Automatic;
				COMBINE_HIDPI_IMAGES = YES;
				DEPLOYMENT_LOCATION = NO;
				DEVELOPMENT_TEAM = XLKATCU397;
				ENABLE_HARDENED_RUNTIME = YES;
				GCC_C_LANGUAGE_STANDARD = gnu11;
				INFOPLIST_FILE = MIDIUtils/Info.plist;
				INSTALL_PATH = "$(LOCAL_APPS_DIR)/Music/MIDI";
				LD_RUNPATH_SEARCH_PATHS = "$(inherited) @executable_path/../Frameworks";
				MTL_ENABLE_DEBUG_INFO = INCLUDE_SOURCE;
				MTL_FAST_MATH = YES;
				PRODUCT_BUNDLE_IDENTIFIER = solutions.jpembedded.MIDITools;
				PRODUCT_NAME = "$(TARGET_NAME)";
				SWIFT_ACTIVE_COMPILATION_CONDITIONS = DEBUG;
				SWIFT_OPTIMIZATION_LEVEL = "-Onone";
				SWIFT_VERSION = 5.0;
			};
			name = Debug;
		};
		E1CB5076225AB8B000F0DDED /* Release */ = {
			isa = XCBuildConfiguration;
			buildSettings = {
				ALWAYS_EMBED_SWIFT_STANDARD_LIBRARIES = YES;
				ASSETCATALOG_COMPILER_APPICON_NAME = AppIcon;
				CLANG_ANALYZER_NUMBER_OBJECT_CONVERSION = YES_AGGRESSIVE;
				CLANG_CXX_LANGUAGE_STANDARD = "gnu++14";
				CLANG_ENABLE_OBJC_WEAK = YES;
				CLANG_WARN_DOCUMENTATION_COMMENTS = YES;
				CLANG_WARN_UNGUARDED_AVAILABILITY = YES_AGGRESSIVE;
				CODE_SIGN_ENTITLEMENTS = MIDIUtils/MIDIUtils.entitlements;
				CODE_SIGN_IDENTITY = "Mac Developer";
				CODE_SIGN_STYLE = Automatic;
				COMBINE_HIDPI_IMAGES = YES;
				DEPLOYMENT_LOCATION = NO;
				DEVELOPMENT_TEAM = XLKATCU397;
				ENABLE_HARDENED_RUNTIME = YES;
				GCC_C_LANGUAGE_STANDARD = gnu11;
				INFOPLIST_FILE = MIDIUtils/Info.plist;
				INSTALL_PATH = "$(LOCAL_APPS_DIR)/Music/MIDI";
				LD_RUNPATH_SEARCH_PATHS = "$(inherited) @executable_path/../Frameworks";
				MTL_FAST_MATH = YES;
				PRODUCT_BUNDLE_IDENTIFIER = solutions.jpembedded.MIDITools;
				PRODUCT_NAME = "$(TARGET_NAME)";
				SWIFT_OPTIMIZATION_LEVEL = "-Owholemodule";
				SWIFT_VERSION = 5.0;
			};
			name = Release;
		};
		E1DA4A581CCFA51A00FAE94E /* Debug */ = {
			isa = XCBuildConfiguration;
			buildSettings = {
				ALWAYS_SEARCH_USER_PATHS = NO;
				CLANG_ANALYZER_LOCALIZABILITY_NONLOCALIZED = YES;
				CLANG_ANALYZER_NONNULL = YES;
				CLANG_CXX_LANGUAGE_STANDARD = "gnu++0x";
				CLANG_CXX_LIBRARY = "libc++";
				CLANG_ENABLE_MODULES = YES;
				CLANG_ENABLE_OBJC_ARC = YES;
				CLANG_WARN_BLOCK_CAPTURE_AUTORELEASING = YES;
				CLANG_WARN_BOOL_CONVERSION = YES;
				CLANG_WARN_COMMA = YES;
				CLANG_WARN_CONSTANT_CONVERSION = YES;
				CLANG_WARN_DEPRECATED_OBJC_IMPLEMENTATIONS = YES;
				CLANG_WARN_DIRECT_OBJC_ISA_USAGE = YES_ERROR;
				CLANG_WARN_EMPTY_BODY = YES;
				CLANG_WARN_ENUM_CONVERSION = YES;
				CLANG_WARN_INFINITE_RECURSION = YES;
				CLANG_WARN_INT_CONVERSION = YES;
				CLANG_WARN_NON_LITERAL_NULL_CONVERSION = YES;
				CLANG_WARN_OBJC_IMPLICIT_RETAIN_SELF = YES;
				CLANG_WARN_OBJC_LITERAL_CONVERSION = YES;
				CLANG_WARN_OBJC_ROOT_CLASS = YES_ERROR;
				CLANG_WARN_RANGE_LOOP_ANALYSIS = YES;
				CLANG_WARN_STRICT_PROTOTYPES = YES;
				CLANG_WARN_SUSPICIOUS_MOVE = YES;
				CLANG_WARN_UNREACHABLE_CODE = YES;
				CLANG_WARN__DUPLICATE_METHOD_MATCH = YES;
				CODE_SIGN_IDENTITY = "Mac Developer: Julian Porter (VDSR2W89VU)";
				CODE_SIGN_STYLE = Manual;
				COPY_PHASE_STRIP = NO;
				DEBUG_INFORMATION_FORMAT = dwarf;
				DEVELOPMENT_TEAM = XLKATCU397;
				ENABLE_STRICT_OBJC_MSGSEND = YES;
				ENABLE_TESTABILITY = YES;
				GCC_C_LANGUAGE_STANDARD = gnu99;
				GCC_DYNAMIC_NO_PIC = NO;
				GCC_NO_COMMON_BLOCKS = YES;
				GCC_OPTIMIZATION_LEVEL = 0;
				GCC_PREPROCESSOR_DEFINITIONS = (
					"DEBUG=1",
					"$(inherited)",
				);
				GCC_WARN_64_TO_32_BIT_CONVERSION = YES;
				GCC_WARN_ABOUT_RETURN_TYPE = YES_ERROR;
				GCC_WARN_UNDECLARED_SELECTOR = YES;
				GCC_WARN_UNINITIALIZED_AUTOS = YES_AGGRESSIVE;
				GCC_WARN_UNUSED_FUNCTION = YES;
				GCC_WARN_UNUSED_VARIABLE = YES;
				MACOSX_DEPLOYMENT_TARGET = 10.14;
				MTL_ENABLE_DEBUG_INFO = YES;
				ONLY_ACTIVE_ARCH = YES;
				SDKROOT = macosx;
			};
			name = Debug;
		};
		E1DA4A591CCFA51A00FAE94E /* Release */ = {
			isa = XCBuildConfiguration;
			buildSettings = {
				ALWAYS_SEARCH_USER_PATHS = NO;
				CLANG_ANALYZER_LOCALIZABILITY_NONLOCALIZED = YES;
				CLANG_ANALYZER_NONNULL = YES;
				CLANG_CXX_LANGUAGE_STANDARD = "gnu++0x";
				CLANG_CXX_LIBRARY = "libc++";
				CLANG_ENABLE_MODULES = YES;
				CLANG_ENABLE_OBJC_ARC = YES;
				CLANG_WARN_BLOCK_CAPTURE_AUTORELEASING = YES;
				CLANG_WARN_BOOL_CONVERSION = YES;
				CLANG_WARN_COMMA = YES;
				CLANG_WARN_CONSTANT_CONVERSION = YES;
				CLANG_WARN_DEPRECATED_OBJC_IMPLEMENTATIONS = YES;
				CLANG_WARN_DIRECT_OBJC_ISA_USAGE = YES_ERROR;
				CLANG_WARN_EMPTY_BODY = YES;
				CLANG_WARN_ENUM_CONVERSION = YES;
				CLANG_WARN_INFINITE_RECURSION = YES;
				CLANG_WARN_INT_CONVERSION = YES;
				CLANG_WARN_NON_LITERAL_NULL_CONVERSION = YES;
				CLANG_WARN_OBJC_IMPLICIT_RETAIN_SELF = YES;
				CLANG_WARN_OBJC_LITERAL_CONVERSION = YES;
				CLANG_WARN_OBJC_ROOT_CLASS = YES_ERROR;
				CLANG_WARN_RANGE_LOOP_ANALYSIS = YES;
				CLANG_WARN_STRICT_PROTOTYPES = YES;
				CLANG_WARN_SUSPICIOUS_MOVE = YES;
				CLANG_WARN_UNREACHABLE_CODE = YES;
				CLANG_WARN__DUPLICATE_METHOD_MATCH = YES;
				CODE_SIGN_IDENTITY = "Mac Developer: Julian Porter (VDSR2W89VU)";
				CODE_SIGN_STYLE = Manual;
				COPY_PHASE_STRIP = NO;
				DEBUG_INFORMATION_FORMAT = "dwarf-with-dsym";
				DEVELOPMENT_TEAM = XLKATCU397;
				ENABLE_NS_ASSERTIONS = NO;
				ENABLE_STRICT_OBJC_MSGSEND = YES;
				GCC_C_LANGUAGE_STANDARD = gnu99;
				GCC_NO_COMMON_BLOCKS = YES;
				GCC_WARN_64_TO_32_BIT_CONVERSION = YES;
				GCC_WARN_ABOUT_RETURN_TYPE = YES_ERROR;
				GCC_WARN_UNDECLARED_SELECTOR = YES;
				GCC_WARN_UNINITIALIZED_AUTOS = YES_AGGRESSIVE;
				GCC_WARN_UNUSED_FUNCTION = YES;
				GCC_WARN_UNUSED_VARIABLE = YES;
				MACOSX_DEPLOYMENT_TARGET = 10.14;
				MTL_ENABLE_DEBUG_INFO = NO;
				SDKROOT = macosx;
			};
			name = Release;
		};
/* End XCBuildConfiguration section */

/* Begin XCConfigurationList section */
		E1CB5074225AB8B000F0DDED /* Build configuration list for PBXNativeTarget "MIDIUtils" */ = {
			isa = XCConfigurationList;
			buildConfigurations = (
				E1CB5075225AB8B000F0DDED /* Debug */,
				E1CB5076225AB8B000F0DDED /* Release */,
			);
			defaultConfigurationIsVisible = 0;
			defaultConfigurationName = Release;
		};
		E1DA4A4E1CCFA51A00FAE94E /* Build configuration list for PBXProject "MIDILink" */ = {
			isa = XCConfigurationList;
			buildConfigurations = (
				E1DA4A581CCFA51A00FAE94E /* Debug */,
				E1DA4A591CCFA51A00FAE94E /* Release */,
			);
			defaultConfigurationIsVisible = 0;
			defaultConfigurationName = Release;
		};
/* End XCConfigurationList section */
	};
	rootObject = E1DA4A4B1CCFA51A00FAE94E /* Project object */;
}
